
Microsoft Visual Studio Solution File, Format Version 12.00
# Visual Studio 15
VisualStudioVersion = 15.0.27703.2042
MinimumVisualStudioVersion = 10.0.40219.1
Project("{FAE04EC0-301F-11D3-BF4B-00C04F79EFBC}") = "HostApp", "HostApp\HostApp.csproj", "{8DC84835-C7BE-48B5-8839-1AED931D3774}"
EndProject
Project("{FAE04EC0-301F-11D3-BF4B-00C04F79EFBC}") = "ContentApp1", "ContentApp1\ContentApp1.csproj", "{380F5B33-2D2F-47E3-8999-F997FCF0B35A}"
EndProject
Global
	GlobalSection(SolutionConfigurationPlatforms) = preSolution
		Debug|ARM = Debug|ARM
		Debug|x64 = Debug|x64
		Debug|x86 = Debug|x86
		Release|ARM = Release|ARM
		Release|x64 = Release|x64
		Release|x86 = Release|x86
	EndGlobalSection
	GlobalSection(ProjectConfigurationPlatforms) = postSolution
		{8DC84835-C7BE-48B5-8839-1AED931D3774}.Debug|ARM.ActiveCfg = Debug|ARM
		{8DC84835-C7BE-48B5-8839-1AED931D3774}.Debug|ARM.Build.0 = Debug|ARM
		{8DC84835-C7BE-48B5-8839-1AED931D3774}.Debug|ARM.Deploy.0 = Debug|ARM
		{8DC84835-C7BE-48B5-8839-1AED931D3774}.Debug|x64.ActiveCfg = Debug|x64
		{8DC84835-C7BE-48B5-8839-1AED931D3774}.Debug|x64.Build.0 = Debug|x64
		{8DC84835-C7BE-48B5-8839-1AED931D3774}.Debug|x64.Deploy.0 = Debug|x64
		{8DC84835-C7BE-48B5-8839-1AED931D3774}.Debug|x86.ActiveCfg = Debug|x86
		{8DC84835-C7BE-48B5-8839-1AED931D3774}.Debug|x86.Build.0 = Debug|x86
		{8DC84835-C7BE-48B5-8839-1AED931D3774}.Debug|x86.Deploy.0 = Debug|x86
		{8DC84835-C7BE-48B5-8839-1AED931D3774}.Release|ARM.ActiveCfg = Release|ARM
		{8DC84835-C7BE-48B5-8839-1AED931D3774}.Release|ARM.Build.0 = Release|ARM
		{8DC84835-C7BE-48B5-8839-1AED931D3774}.Release|ARM.Deploy.0 = Release|ARM
		{8DC84835-C7BE-48B5-8839-1AED931D3774}.Release|x64.ActiveCfg = Release|x64
		{8DC84835-C7BE-48B5-8839-1AED931D3774}.Release|x64.Build.0 = Release|x64
		{8DC84835-C7BE-48B5-8839-1AED931D3774}.Release|x64.Deploy.0 = Release|x64
		{8DC84835-C7BE-48B5-8839-1AED931D3774}.Release|x86.ActiveCfg = Release|x86
		{8DC84835-C7BE-48B5-8839-1AED931D3774}.Release|x86.Build.0 = Release|x86
		{8DC84835-C7BE-48B5-8839-1AED931D3774}.Release|x86.Deploy.0 = Release|x86
		{380F5B33-2D2F-47E3-8999-F997FCF0B35A}.Debug|ARM.ActiveCfg = Debug|ARM
		{380F5B33-2D2F-47E3-8999-F997FCF0B35A}.Debug|ARM.Build.0 = Debug|ARM
		{380F5B33-2D2F-47E3-8999-F997FCF0B35A}.Debug|ARM.Deploy.0 = Debug|ARM
		{380F5B33-2D2F-47E3-8999-F997FCF0B35A}.Debug|x64.ActiveCfg = Debug|x64
		{380F5B33-2D2F-47E3-8999-F997FCF0B35A}.Debug|x64.Build.0 = Debug|x64
		{380F5B33-2D2F-47E3-8999-F997FCF0B35A}.Debug|x64.Deploy.0 = Debug|x64
		{380F5B33-2D2F-47E3-8999-F997FCF0B35A}.Debug|x86.ActiveCfg = Debug|x86
		{380F5B33-2D2F-47E3-8999-F997FCF0B35A}.Debug|x86.Build.0 = Debug|x86
		{380F5B33-2D2F-47E3-8999-F997FCF0B35A}.Debug|x86.Deploy.0 = Debug|x86
		{380F5B33-2D2F-47E3-8999-F997FCF0B35A}.Release|ARM.ActiveCfg = Release|ARM
		{380F5B33-2D2F-47E3-8999-F997FCF0B35A}.Release|ARM.Build.0 = Release|ARM
		{380F5B33-2D2F-47E3-8999-F997FCF0B35A}.Release|ARM.Deploy.0 = Release|ARM
		{380F5B33-2D2F-47E3-8999-F997FCF0B35A}.Release|x64.ActiveCfg = Release|x64
		{380F5B33-2D2F-47E3-8999-F997FCF0B35A}.Release|x64.Build.0 = Release|x64
		{380F5B33-2D2F-47E3-8999-F997FCF0B35A}.Release|x64.Deploy.0 = Release|x64
		{380F5B33-2D2F-47E3-8999-F997FCF0B35A}.Release|x86.ActiveCfg = Release|x86
		{380F5B33-2D2F-47E3-8999-F997FCF0B35A}.Release|x86.Build.0 = Release|x86
		{380F5B33-2D2F-47E3-8999-F997FCF0B35A}.Release|x86.Deploy.0 = Release|x86
	EndGlobalSection
	GlobalSection(SolutionProperties) = preSolution
		HideSolutionNode = FALSE
	EndGlobalSection
	GlobalSection(ExtensibilityGlobals) = postSolution
		SolutionGuid = {3E4D71E7-91F8-4225-8A76-959084419FB0}
	EndGlobalSection
EndGlobal
